
Microsoft Visual Studio Solution File, Format Version 12.00
# Visual Studio Version 16
VisualStudioVersion = 16.0.29709.97
MinimumVisualStudioVersion = 10.0.40219.1
Project("{2150E333-8FDC-42A3-9474-1A3956D46DE8}") = "Microservices", "Microservices", "{D2F4D0FA-075E-425E-95FC-094D92E9D09A}"
EndProject
Project("{2150E333-8FDC-42A3-9474-1A3956D46DE8}") = "Domain", "Domain", "{BDF15F9C-2934-4DA9-8ADD-856D939FCED3}"
EndProject
Project("{2150E333-8FDC-42A3-9474-1A3956D46DE8}") = "Infra.Bus", "Infra.Bus", "{FC8747B4-6248-4BD4-8BAA-D9B535B296AD}"
EndProject
Project("{2150E333-8FDC-42A3-9474-1A3956D46DE8}") = "Infra.IoC", "Infra.IoC", "{57D04A66-6E25-45F5-BB9C-50AA779A836B}"
EndProject
Project("{2150E333-8FDC-42A3-9474-1A3956D46DE8}") = "Presentation", "Presentation", "{3EA309BD-C246-445B-815D-6E998DFA0B97}"
EndProject
Project("{9A19103F-16F7-4668-BE54-9A1E7A4F7556}") = "MicroRabbit.Domain.Core", "MicroRabbit.Domain.Core\MicroRabbit.Domain.Core.csproj", "{88ADC325-21F5-4E9C-BD48-96F3BEC6893D}"
EndProject
Project("{9A19103F-16F7-4668-BE54-9A1E7A4F7556}") = "MicroRabbit.Infra.Bus", "MicroRabbit.Infra.Bus\MicroRabbit.Infra.Bus.csproj", "{8A63462C-4E13-4A30-B60D-2AB35A57C475}"
EndProject
Project("{9A19103F-16F7-4668-BE54-9A1E7A4F7556}") = "MicroRabbit.Infra.IoC", "MicroRabbit.Infra.IoC\MicroRabbit.Infra.IoC.csproj", "{56D55BBE-ACF4-4D87-B137-C710B62DFF71}"
EndProject
Project("{2150E333-8FDC-42A3-9474-1A3956D46DE8}") = "Banking", "Banking", "{639BB968-CDFC-4D16-AFE8-121750E93500}"
EndProject
Project("{2150E333-8FDC-42A3-9474-1A3956D46DE8}") = "Api", "Api", "{9FA818F5-3CFE-414F-A253-DA885CF6295A}"
EndProject
Project("{2150E333-8FDC-42A3-9474-1A3956D46DE8}") = "Domain", "Domain", "{65F48B10-9798-47CB-ACA9-DA94FF686722}"
EndProject
Project("{2150E333-8FDC-42A3-9474-1A3956D46DE8}") = "Application", "Application", "{5BE3E92D-4B15-4EB7-934F-8EEF8ECC4859}"
EndProject
Project("{2150E333-8FDC-42A3-9474-1A3956D46DE8}") = "Data", "Data", "{5054F4F7-27D0-4393-AEA5-FCE08A7BF6AF}"
EndProject
Project("{9A19103F-16F7-4668-BE54-9A1E7A4F7556}") = "MicroRabbit.Banking.Application", "MicroRabbit.Banking.Application\MicroRabbit.Banking.Application.csproj", "{998DEE58-CF0E-42BB-A2BC-2C80F914F780}"
EndProject
Project("{9A19103F-16F7-4668-BE54-9A1E7A4F7556}") = "MicroRabbit.Banking.Domain", "MicroRabbit.Banking.Domain\MicroRabbit.Banking.Domain.csproj", "{6BD4F225-AFB6-4B7E-A410-34B7E6FB95B9}"
EndProject
Project("{9A19103F-16F7-4668-BE54-9A1E7A4F7556}") = "MicroRabbit.Banking.Data", "MicroRabbit.Banking.Data\MicroRabbit.Banking.Data.csproj", "{D520DA17-2232-4E06-A4F1-69617A1A5E91}"
EndProject
Project("{FAE04EC0-301F-11D3-BF4B-00C04F79EFBC}") = "MicroRabbit.Banking.Api", "MicroRabbit.Banking.Api\MicroRabbit.Banking.Api.csproj", "{1EADAFBC-3639-4417-B13F-CD5669978AD0}"
EndProject
Global
	GlobalSection(SolutionConfigurationPlatforms) = preSolution
		Debug|Any CPU = Debug|Any CPU
		Release|Any CPU = Release|Any CPU
	EndGlobalSection
	GlobalSection(ProjectConfigurationPlatforms) = postSolution
		{88ADC325-21F5-4E9C-BD48-96F3BEC6893D}.Debug|Any CPU.ActiveCfg = Debug|Any CPU
		{88ADC325-21F5-4E9C-BD48-96F3BEC6893D}.Debug|Any CPU.Build.0 = Debug|Any CPU
		{88ADC325-21F5-4E9C-BD48-96F3BEC6893D}.Release|Any CPU.ActiveCfg = Release|Any CPU
		{88ADC325-21F5-4E9C-BD48-96F3BEC6893D}.Release|Any CPU.Build.0 = Release|Any CPU
		{8A63462C-4E13-4A30-B60D-2AB35A57C475}.Debug|Any CPU.ActiveCfg = Debug|Any CPU
		{8A63462C-4E13-4A30-B60D-2AB35A57C475}.Debug|Any CPU.Build.0 = Debug|Any CPU
		{8A63462C-4E13-4A30-B60D-2AB35A57C475}.Release|Any CPU.ActiveCfg = Release|Any CPU
		{8A63462C-4E13-4A30-B60D-2AB35A57C475}.Release|Any CPU.Build.0 = Release|Any CPU
		{56D55BBE-ACF4-4D87-B137-C710B62DFF71}.Debug|Any CPU.ActiveCfg = Debug|Any CPU
		{56D55BBE-ACF4-4D87-B137-C710B62DFF71}.Debug|Any CPU.Build.0 = Debug|Any CPU
		{56D55BBE-ACF4-4D87-B137-C710B62DFF71}.Release|Any CPU.ActiveCfg = Release|Any CPU
		{56D55BBE-ACF4-4D87-B137-C710B62DFF71}.Release|Any CPU.Build.0 = Release|Any CPU
		{998DEE58-CF0E-42BB-A2BC-2C80F914F780}.Debug|Any CPU.ActiveCfg = Debug|Any CPU
		{998DEE58-CF0E-42BB-A2BC-2C80F914F780}.Debug|Any CPU.Build.0 = Debug|Any CPU
		{998DEE58-CF0E-42BB-A2BC-2C80F914F780}.Release|Any CPU.ActiveCfg = Release|Any CPU
		{998DEE58-CF0E-42BB-A2BC-2C80F914F780}.Release|Any CPU.Build.0 = Release|Any CPU
		{6BD4F225-AFB6-4B7E-A410-34B7E6FB95B9}.Debug|Any CPU.ActiveCfg = Debug|Any CPU
		{6BD4F225-AFB6-4B7E-A410-34B7E6FB95B9}.Debug|Any CPU.Build.0 = Debug|Any CPU
		{6BD4F225-AFB6-4B7E-A410-34B7E6FB95B9}.Release|Any CPU.ActiveCfg = Release|Any CPU
		{6BD4F225-AFB6-4B7E-A410-34B7E6FB95B9}.Release|Any CPU.Build.0 = Release|Any CPU
		{D520DA17-2232-4E06-A4F1-69617A1A5E91}.Debug|Any CPU.ActiveCfg = Debug|Any CPU
		{D520DA17-2232-4E06-A4F1-69617A1A5E91}.Debug|Any CPU.Build.0 = Debug|Any CPU
		{D520DA17-2232-4E06-A4F1-69617A1A5E91}.Release|Any CPU.ActiveCfg = Release|Any CPU
		{D520DA17-2232-4E06-A4F1-69617A1A5E91}.Release|Any CPU.Build.0 = Release|Any CPU
		{1EADAFBC-3639-4417-B13F-CD5669978AD0}.Debug|Any CPU.ActiveCfg = Debug|Any CPU
		{1EADAFBC-3639-4417-B13F-CD5669978AD0}.Debug|Any CPU.Build.0 = Debug|Any CPU
		{1EADAFBC-3639-4417-B13F-CD5669978AD0}.Release|Any CPU.ActiveCfg = Release|Any CPU
		{1EADAFBC-3639-4417-B13F-CD5669978AD0}.Release|Any CPU.Build.0 = Release|Any CPU
	EndGlobalSection
	GlobalSection(SolutionProperties) = preSolution
		HideSolutionNode = FALSE
	EndGlobalSection
	GlobalSection(NestedProjects) = preSolution
		{88ADC325-21F5-4E9C-BD48-96F3BEC6893D} = {BDF15F9C-2934-4DA9-8ADD-856D939FCED3}
		{8A63462C-4E13-4A30-B60D-2AB35A57C475} = {FC8747B4-6248-4BD4-8BAA-D9B535B296AD}
		{56D55BBE-ACF4-4D87-B137-C710B62DFF71} = {57D04A66-6E25-45F5-BB9C-50AA779A836B}
		{639BB968-CDFC-4D16-AFE8-121750E93500} = {D2F4D0FA-075E-425E-95FC-094D92E9D09A}
		{9FA818F5-3CFE-414F-A253-DA885CF6295A} = {639BB968-CDFC-4D16-AFE8-121750E93500}
		{65F48B10-9798-47CB-ACA9-DA94FF686722} = {639BB968-CDFC-4D16-AFE8-121750E93500}
		{5BE3E92D-4B15-4EB7-934F-8EEF8ECC4859} = {639BB968-CDFC-4D16-AFE8-121750E93500}
		{5054F4F7-27D0-4393-AEA5-FCE08A7BF6AF} = {639BB968-CDFC-4D16-AFE8-121750E93500}
		{998DEE58-CF0E-42BB-A2BC-2C80F914F780} = {5BE3E92D-4B15-4EB7-934F-8EEF8ECC4859}
		{6BD4F225-AFB6-4B7E-A410-34B7E6FB95B9} = {65F48B10-9798-47CB-ACA9-DA94FF686722}
		{D520DA17-2232-4E06-A4F1-69617A1A5E91} = {5054F4F7-27D0-4393-AEA5-FCE08A7BF6AF}
		{1EADAFBC-3639-4417-B13F-CD5669978AD0} = {9FA818F5-3CFE-414F-A253-DA885CF6295A}
	EndGlobalSection
	GlobalSection(ExtensibilityGlobals) = postSolution
		SolutionGuid = {D604EC95-5D62-4022-A7A0-7AD805FAC852}
	EndGlobalSection
EndGlobal
